// !$*UTF8*$!
{
	archiveVersion = 1;
	classes = {
	};
	objectVersion = 46;
	objects = {

/* Begin PBXAggregateTarget section */
		0F3B04B906B0431CAA80574C /* ZERO_CHECK */ = {
			isa = PBXAggregateTarget;
			buildConfigurationList = 54FF7C404A13479FA5B735FB /* Build configuration list for PBXAggregateTarget "ZERO_CHECK" */;
			buildPhases = (
				ED7BF4B76C294383AC3E692F /* CMake Rules */,
			);
			dependencies = (
			);
			name = ZERO_CHECK;
			productName = ZERO_CHECK;
		};
		79590508EC2244B297AFFDF8 /* ALL_BUILD */ = {
			isa = PBXAggregateTarget;
			buildConfigurationList = 9079FF3AF67B44E99DEB346D /* Build configuration list for PBXAggregateTarget "ALL_BUILD" */;
			buildPhases = (
				B3AD894947494B39B9EDD860 /* CMake Rules */,
			);
			dependencies = (
				59C40C331D3B41D5A1B4BE42 /* PBXTargetDependency */,
				73EBD483E8444058B01CF142 /* PBXTargetDependency */,
			);
			name = ALL_BUILD;
			productName = ALL_BUILD;
		};
/* End PBXAggregateTarget section */

/* Begin PBXBuildFile section */
		2946D787E04841EEB6CB699E /* /Users/grantrosario/Desktop/Extended-Kalman-Filter/src/FusionEKF.cpp */ = {isa = PBXBuildFile; fileRef = 052247FBD9064E77AFEB7F7D /* /Users/grantrosario/Desktop/Extended-Kalman-Filter/src/FusionEKF.cpp */; };
		37DB3F30C6B44E84B969F517 /* /Users/grantrosario/Desktop/Extended-Kalman-Filter/src/kalman_filter.h */ = {isa = PBXBuildFile; fileRef = FB26BC95647F43D3984C346D /* /Users/grantrosario/Desktop/Extended-Kalman-Filter/src/kalman_filter.h */; };
		3917816300C74ABE99AD6344 /* /Users/grantrosario/Desktop/Extended-Kalman-Filter/src/kalman_filter.cpp */ = {isa = PBXBuildFile; fileRef = C99742C2740C44AAB94269E9 /* /Users/grantrosario/Desktop/Extended-Kalman-Filter/src/kalman_filter.cpp */; };
		41A71DC634394101ADE6A430 /* /Users/grantrosario/Desktop/Extended-Kalman-Filter/src/tools.cpp */ = {isa = PBXBuildFile; fileRef = 64F6AE8ECFE1490A8132B205 /* /Users/grantrosario/Desktop/Extended-Kalman-Filter/src/tools.cpp */; };
		4D9A7BD29B2B46FF9501EB59 /* /Users/grantrosario/Desktop/Extended-Kalman-Filter/src/main.cpp */ = {isa = PBXBuildFile; fileRef = A62C3943DFB24180AFBF24CE /* /Users/grantrosario/Desktop/Extended-Kalman-Filter/src/main.cpp */; };
		923F75308833425B930BC586 /* /Users/grantrosario/Desktop/Extended-Kalman-Filter/src/FusionEKF.h */ = {isa = PBXBuildFile; fileRef = 0656C6A8392540278FCB164F /* /Users/grantrosario/Desktop/Extended-Kalman-Filter/src/FusionEKF.h */; };
		C7171E51E12B4697BA5E0135 /* /Users/grantrosario/Desktop/Extended-Kalman-Filter/src/tools.h */ = {isa = PBXBuildFile; fileRef = DF40154C481E4CFDB4BD26A0 /* /Users/grantrosario/Desktop/Extended-Kalman-Filter/src/tools.h */; };
		F39D9B62EEF841E49C98D097 /* /Users/grantrosario/Desktop/Extended-Kalman-Filter/CMakeLists.txt */ = {isa = PBXBuildFile; fileRef = 6432A6D9FDE94D338D1B7FBC /* /Users/grantrosario/Desktop/Extended-Kalman-Filter/CMakeLists.txt */; };
/* End PBXBuildFile section */

/* Begin PBXBuildStyle section */
		01402F681FA840A18CF9C9BF /* Release */ = {
			isa = PBXBuildStyle;
			buildSettings = {
				COPY_PHASE_STRIP = NO;
			};
			name = Release;
		};
		3D20D5D5B3914DFDAAAEF324 /* RelWithDebInfo */ = {
			isa = PBXBuildStyle;
			buildSettings = {
				COPY_PHASE_STRIP = NO;
			};
			name = RelWithDebInfo;
		};
		7CF3A143F4E747ECB1733B4B /* MinSizeRel */ = {
			isa = PBXBuildStyle;
			buildSettings = {
				COPY_PHASE_STRIP = NO;
			};
			name = MinSizeRel;
		};
		BB2D48951CD542F4BED74AC7 /* Debug */ = {
			isa = PBXBuildStyle;
			buildSettings = {
				COPY_PHASE_STRIP = NO;
			};
			name = Debug;
		};
/* End PBXBuildStyle section */

/* Begin PBXContainerItemProxy section */
		033D37508C264A96B8400D01 /* PBXContainerItemProxy */ = {
			isa = PBXContainerItemProxy;
			containerPortal = EECC6A12BB39450BBEA3DAD4 /* Project object */;
			proxyType = 1;
			remoteGlobalIDString = 0F3B04B906B0431CAA80574C;
			remoteInfo = ZERO_CHECK;
		};
		BE9F3BE27EC342C28459EA9D /* PBXContainerItemProxy */ = {
			isa = PBXContainerItemProxy;
			containerPortal = EECC6A12BB39450BBEA3DAD4 /* Project object */;
			proxyType = 1;
			remoteGlobalIDString = 0F3B04B906B0431CAA80574C;
			remoteInfo = ZERO_CHECK;
		};
		C0887D6C47884D2AAA7FB1AA /* PBXContainerItemProxy */ = {
			isa = PBXContainerItemProxy;
			containerPortal = EECC6A12BB39450BBEA3DAD4 /* Project object */;
			proxyType = 1;
			remoteGlobalIDString = F38783774CD0445392925504;
			remoteInfo = ExtendedKF;
		};
/* End PBXContainerItemProxy section */

/* Begin PBXFileReference section */
		052247FBD9064E77AFEB7F7D /* /Users/grantrosario/Desktop/Extended-Kalman-Filter/src/FusionEKF.cpp */ = {isa = PBXFileReference; explicitFileType = sourcecode.cpp.cpp; fileEncoding = 4; name = FusionEKF.cpp; path = src/FusionEKF.cpp; sourceTree = SOURCE_ROOT; };
		0656C6A8392540278FCB164F /* /Users/grantrosario/Desktop/Extended-Kalman-Filter/src/FusionEKF.h */ = {isa = PBXFileReference; explicitFileType = sourcecode.c.h; fileEncoding = 4; name = FusionEKF.h; path = src/FusionEKF.h; sourceTree = SOURCE_ROOT; };
		5D06AAEEDD334430A005F2E1 /* /Users/grantrosario/Desktop/Extended-Kalman-Filter/CMakeLists.txt */ = {isa = PBXFileReference; explicitFileType = sourcecode.text; fileEncoding = 4; name = CMakeLists.txt; path = CMakeLists.txt; sourceTree = SOURCE_ROOT; };
		6432A6D9FDE94D338D1B7FBC /* /Users/grantrosario/Desktop/Extended-Kalman-Filter/CMakeLists.txt */ = {isa = PBXFileReference; explicitFileType = sourcecode.text; fileEncoding = 4; name = CMakeLists.txt; path = CMakeLists.txt; sourceTree = SOURCE_ROOT; };
		64F6AE8ECFE1490A8132B205 /* /Users/grantrosario/Desktop/Extended-Kalman-Filter/src/tools.cpp */ = {isa = PBXFileReference; explicitFileType = sourcecode.cpp.cpp; fileEncoding = 4; name = tools.cpp; path = src/tools.cpp; sourceTree = SOURCE_ROOT; };
		674F4803E74F4B00925FACD2 /* ExtendedKF */ = {isa = PBXFileReference; explicitFileType = "compiled.mach-o.executable"; path = ExtendedKF; sourceTree = BUILT_PRODUCTS_DIR; };
		A62C3943DFB24180AFBF24CE /* /Users/grantrosario/Desktop/Extended-Kalman-Filter/src/main.cpp */ = {isa = PBXFileReference; explicitFileType = sourcecode.cpp.cpp; fileEncoding = 4; name = main.cpp; path = src/main.cpp; sourceTree = SOURCE_ROOT; };
		C7B01B760C17480480B7C7CB /* /Users/grantrosario/Desktop/Extended-Kalman-Filter/CMakeLists.txt */ = {isa = PBXFileReference; explicitFileType = sourcecode.text; fileEncoding = 4; name = CMakeLists.txt; path = CMakeLists.txt; sourceTree = SOURCE_ROOT; };
		C99742C2740C44AAB94269E9 /* /Users/grantrosario/Desktop/Extended-Kalman-Filter/src/kalman_filter.cpp */ = {isa = PBXFileReference; explicitFileType = sourcecode.cpp.cpp; fileEncoding = 4; name = kalman_filter.cpp; path = src/kalman_filter.cpp; sourceTree = SOURCE_ROOT; };
		DF40154C481E4CFDB4BD26A0 /* /Users/grantrosario/Desktop/Extended-Kalman-Filter/src/tools.h */ = {isa = PBXFileReference; explicitFileType = sourcecode.c.h; fileEncoding = 4; name = tools.h; path = src/tools.h; sourceTree = SOURCE_ROOT; };
		FB26BC95647F43D3984C346D /* /Users/grantrosario/Desktop/Extended-Kalman-Filter/src/kalman_filter.h */ = {isa = PBXFileReference; explicitFileType = sourcecode.c.h; fileEncoding = 4; name = kalman_filter.h; path = src/kalman_filter.h; sourceTree = SOURCE_ROOT; };
/* End PBXFileReference section */

/* Begin PBXGroup section */
		5D97CA259EF54F9A86CDD1C8 /* CMake Rules */ = {
			isa = PBXGroup;
			children = (
			);
			name = "CMake Rules";
			sourceTree = "<group>";
		};
		6B6C22631ECA49A8B487B4F9 /* ExtendedKF */ = {
			isa = PBXGroup;
			children = (
				CA72E41CFAE14248BF1887FE /* Source Files */,
				9D20A53FD36244E4B91B5B65 /* Header Files */,
				6432A6D9FDE94D338D1B7FBC /* /Users/grantrosario/Desktop/Extended-Kalman-Filter/CMakeLists.txt */,
			);
			name = ExtendedKF;
			sourceTree = "<group>";
		};
		81B3C0E0BAAE4A53A890B21A /* ZERO_CHECK */ = {
			isa = PBXGroup;
			children = (
				5D97CA259EF54F9A86CDD1C8 /* CMake Rules */,
				C7B01B760C17480480B7C7CB /* /Users/grantrosario/Desktop/Extended-Kalman-Filter/CMakeLists.txt */,
			);
			name = ZERO_CHECK;
			sourceTree = "<group>";
		};
		9D20A53FD36244E4B91B5B65 /* Header Files */ = {
			isa = PBXGroup;
			children = (
				0656C6A8392540278FCB164F /* /Users/grantrosario/Desktop/Extended-Kalman-Filter/src/FusionEKF.h */,
				FB26BC95647F43D3984C346D /* /Users/grantrosario/Desktop/Extended-Kalman-Filter/src/kalman_filter.h */,
				DF40154C481E4CFDB4BD26A0 /* /Users/grantrosario/Desktop/Extended-Kalman-Filter/src/tools.h */,
			);
			name = "Header Files";
			sourceTree = "<group>";
		};
		B35BDC95115747B4AD713675 /* ALL_BUILD */ = {
			isa = PBXGroup;
			children = (
				CBE6E859EEB94F68BB21D309 /* CMake Rules */,
				5D06AAEEDD334430A005F2E1 /* /Users/grantrosario/Desktop/Extended-Kalman-Filter/CMakeLists.txt */,
			);
			name = ALL_BUILD;
			sourceTree = "<group>";
		};
		B5C64D992AEB4056B70B7235 /* Products */ = {
			isa = PBXGroup;
			children = (
				674F4803E74F4B00925FACD2 /* ExtendedKF */,
			);
			name = Products;
			sourceTree = "<group>";
		};
		CA72E41CFAE14248BF1887FE /* Source Files */ = {
			isa = PBXGroup;
			children = (
				052247FBD9064E77AFEB7F7D /* /Users/grantrosario/Desktop/Extended-Kalman-Filter/src/FusionEKF.cpp */,
				C99742C2740C44AAB94269E9 /* /Users/grantrosario/Desktop/Extended-Kalman-Filter/src/kalman_filter.cpp */,
				A62C3943DFB24180AFBF24CE /* /Users/grantrosario/Desktop/Extended-Kalman-Filter/src/main.cpp */,
				64F6AE8ECFE1490A8132B205 /* /Users/grantrosario/Desktop/Extended-Kalman-Filter/src/tools.cpp */,
			);
			name = "Source Files";
			sourceTree = "<group>";
		};
		CBE6E859EEB94F68BB21D309 /* CMake Rules */ = {
			isa = PBXGroup;
			children = (
			);
			name = "CMake Rules";
			sourceTree = "<group>";
		};
		E4197CFDF92344679233494E = {
			isa = PBXGroup;
			children = (
				6B6C22631ECA49A8B487B4F9 /* ExtendedKF */,
				B35BDC95115747B4AD713675 /* ALL_BUILD */,
				81B3C0E0BAAE4A53A890B21A /* ZERO_CHECK */,
				B5C64D992AEB4056B70B7235 /* Products */,
			);
			sourceTree = "<group>";
		};
/* End PBXGroup section */

/* Begin PBXNativeTarget section */
		F38783774CD0445392925504 /* ExtendedKF */ = {
			isa = PBXNativeTarget;
			buildConfigurationList = 9856EBE5C09F4FB390ADD380 /* Build configuration list for PBXNativeTarget "ExtendedKF" */;
			buildPhases = (
				A52B7EA1EDBD4DAB89A8DC89 /* Sources */,
			);
			buildRules = (
			);
			dependencies = (
				52D97AEF7EE34C33BF227009 /* PBXTargetDependency */,
			);
			name = ExtendedKF;
			productName = ExtendedKF;
			productReference = 674F4803E74F4B00925FACD2 /* ExtendedKF */;
			productType = "com.apple.product-type.tool";
		};
/* End PBXNativeTarget section */

/* Begin PBXProject section */
		EECC6A12BB39450BBEA3DAD4 /* Project object */ = {
			isa = PBXProject;
			attributes = {
				BuildIndependentTargetsInParallel = YES;
				LastUpgradeCheck = 0830;
			};
			buildConfigurationList = 423BD19F52124BAA9A1C478F /* Build configuration list for PBXProject "ExtendedKF" */;
			buildSettings = {
			};
			buildStyles = (
				BB2D48951CD542F4BED74AC7 /* Debug */,
				01402F681FA840A18CF9C9BF /* Release */,
				7CF3A143F4E747ECB1733B4B /* MinSizeRel */,
				3D20D5D5B3914DFDAAAEF324 /* RelWithDebInfo */,
			);
			compatibilityVersion = "Xcode 3.2";
			hasScannedForEncodings = 0;
			mainGroup = E4197CFDF92344679233494E;
			projectDirPath = ../../;
			projectRoot = "";
			targets = (
				79590508EC2244B297AFFDF8 /* ALL_BUILD */,
				F38783774CD0445392925504 /* ExtendedKF */,
				0F3B04B906B0431CAA80574C /* ZERO_CHECK */,
			);
		};
/* End PBXProject section */

/* Begin PBXShellScriptBuildPhase section */
		59148FB4ECFC4792AE562132 = {
			isa = PBXShellScriptBuildPhase;
			buildActionMask = 2147483647;
			files = (
			);
			inputPaths = (
			);
			outputPaths = (
			);
			runOnlyForDeploymentPostprocessing = 0;
			shellPath = /bin/sh;
			shellScript = "# shell script goes here
exit 0";
			showEnvVarsInLog = 0;
		};
		B3AD894947494B39B9EDD860 /* CMake Rules */ = {
			isa = PBXShellScriptBuildPhase;
			buildActionMask = 2147483647;
			files = (
			);
			name = "CMake Rules";
			runOnlyForDeploymentPostprocessing = 0;
			shellPath = /bin/sh;
			shellScript = "make -C /Users/grantrosario/Desktop/Extended-Kalman-Filter/ide_profiles/xcode -f /Users/grantrosario/Desktop/Extended-Kalman-Filter/ide_profiles/xcode/CMakeScripts/ALL_BUILD_cmakeRulesBuildPhase.make$CONFIGURATION all";
			showEnvVarsInLog = 0;
		};
		CE025BD9C0C84EC580C31278 = {
			isa = PBXShellScriptBuildPhase;
			buildActionMask = 2147483647;
			files = (
			);
			inputPaths = (
			);
			outputPaths = (
			);
			runOnlyForDeploymentPostprocessing = 0;
			shellPath = /bin/sh;
			shellScript = "# shell script goes here
exit 0";
			showEnvVarsInLog = 0;
		};
		ED7BF4B76C294383AC3E692F /* CMake Rules */ = {
			isa = PBXShellScriptBuildPhase;
			buildActionMask = 2147483647;
			files = (
			);
			name = "CMake Rules";
			runOnlyForDeploymentPostprocessing = 0;
			shellPath = /bin/sh;
			shellScript = "make -C /Users/grantrosario/Desktop/Extended-Kalman-Filter/ide_profiles/xcode -f /Users/grantrosario/Desktop/Extended-Kalman-Filter/ide_profiles/xcode/CMakeScripts/ZERO_CHECK_cmakeRulesBuildPhase.make$CONFIGURATION all";
			showEnvVarsInLog = 0;
		};
/* End PBXShellScriptBuildPhase section */

/* Begin PBXSourcesBuildPhase section */
		A52B7EA1EDBD4DAB89A8DC89 /* Sources */ = {
			isa = PBXSourcesBuildPhase;
			buildActionMask = 2147483647;
			files = (
				2946D787E04841EEB6CB699E /* /Users/grantrosario/Desktop/Extended-Kalman-Filter/src/FusionEKF.cpp */,
				3917816300C74ABE99AD6344 /* /Users/grantrosario/Desktop/Extended-Kalman-Filter/src/kalman_filter.cpp */,
				4D9A7BD29B2B46FF9501EB59 /* /Users/grantrosario/Desktop/Extended-Kalman-Filter/src/main.cpp */,
				41A71DC634394101ADE6A430 /* /Users/grantrosario/Desktop/Extended-Kalman-Filter/src/tools.cpp */,
			);
			runOnlyForDeploymentPostprocessing = 0;
		};
/* End PBXSourcesBuildPhase section */

/* Begin PBXTargetDependency section */
		52D97AEF7EE34C33BF227009 /* PBXTargetDependency */ = {
			isa = PBXTargetDependency;
			target = 0F3B04B906B0431CAA80574C /* ZERO_CHECK */;
			targetProxy = BE9F3BE27EC342C28459EA9D /* PBXContainerItemProxy */;
		};
		59C40C331D3B41D5A1B4BE42 /* PBXTargetDependency */ = {
			isa = PBXTargetDependency;
			target = 0F3B04B906B0431CAA80574C /* ZERO_CHECK */;
			targetProxy = 033D37508C264A96B8400D01 /* PBXContainerItemProxy */;
		};
		73EBD483E8444058B01CF142 /* PBXTargetDependency */ = {
			isa = PBXTargetDependency;
			target = F38783774CD0445392925504 /* ExtendedKF */;
			targetProxy = C0887D6C47884D2AAA7FB1AA /* PBXContainerItemProxy */;
		};
/* End PBXTargetDependency section */

/* Begin XCBuildConfiguration section */
		34E105D05BC54324855B09E0 /* Debug */ = {
			isa = XCBuildConfiguration;
			buildSettings = {
				ONLY_ACTIVE_ARCH = YES;
				SDKROOT = /Applications/Xcode.app/Contents/Developer/Platforms/MacOSX.platform/Developer/SDKs/MacOSX10.12.sdk;
				SYMROOT = "/Users/grantrosario/Desktop/Extended-Kalman-Filter/ide_profiles/xcode/build";
			};
			name = Debug;
		};
		3561E932714840498A93A0B5 /* MinSizeRel */ = {
			isa = XCBuildConfiguration;
			buildSettings = {
				COMBINE_HIDPI_IMAGES = YES;
				GCC_GENERATE_DEBUGGING_SYMBOLS = YES;
				GCC_INLINES_ARE_PRIVATE_EXTERN = NO;
				GCC_OPTIMIZATION_LEVEL = 0;
				GCC_PREPROCESSOR_DEFINITIONS = ("'CMAKE_INTDIR=\"$(CONFIGURATION)$(EFFECTIVE_PLATFORM_NAME)\"'");
				GCC_SYMBOLS_PRIVATE_EXTERN = NO;
				HEADER_SEARCH_PATHS = (/usr/local/include,/usr/local/opt/openssl/include);
				INSTALL_PATH = "";
				OTHER_LDFLAGS = " ";
				OTHER_REZFLAGS = "";
				PRODUCT_NAME = ALL_BUILD;
				SECTORDER_FLAGS = "";
				SYMROOT = "/Users/grantrosario/Desktop/Extended-Kalman-Filter/ide_profiles/xcode";
				USE_HEADERMAP = NO;
				WARNING_CFLAGS = ("-Wmost","-Wno-four-char-constants","-Wno-unknown-pragmas","$(inherited)");
			};
			name = MinSizeRel;
		};
		4143A67C46774325AB6EEFF6 /* RelWithDebInfo */ = {
			isa = XCBuildConfiguration;
			buildSettings = {
				COMBINE_HIDPI_IMAGES = YES;
				GCC_GENERATE_DEBUGGING_SYMBOLS = YES;
				GCC_INLINES_ARE_PRIVATE_EXTERN = NO;
				GCC_OPTIMIZATION_LEVEL = 0;
				GCC_PREPROCESSOR_DEFINITIONS = ("'CMAKE_INTDIR=\"$(CONFIGURATION)$(EFFECTIVE_PLATFORM_NAME)\"'");
				GCC_SYMBOLS_PRIVATE_EXTERN = NO;
				HEADER_SEARCH_PATHS = (/usr/local/include,/usr/local/opt/openssl/include);
				INSTALL_PATH = "";
				OTHER_LDFLAGS = " ";
				OTHER_REZFLAGS = "";
				PRODUCT_NAME = ZERO_CHECK;
				SECTORDER_FLAGS = "";
				SYMROOT = "/Users/grantrosario/Desktop/Extended-Kalman-Filter/ide_profiles/xcode";
				USE_HEADERMAP = NO;
				WARNING_CFLAGS = ("-Wmost","-Wno-four-char-constants","-Wno-unknown-pragmas","$(inherited)");
			};
			name = RelWithDebInfo;
		};
		7820370C2E554CA1B74F9A79 /* Release */ = {
			isa = XCBuildConfiguration;
			buildSettings = {
				COMBINE_HIDPI_IMAGES = YES;
				EXECUTABLE_PREFIX = "";
				EXECUTABLE_SUFFIX = "";
				GCC_GENERATE_DEBUGGING_SYMBOLS = NO;
				GCC_INLINES_ARE_PRIVATE_EXTERN = NO;
				GCC_OPTIMIZATION_LEVEL = 3;
				GCC_PREPROCESSOR_DEFINITIONS = ("'CMAKE_INTDIR=\"$(CONFIGURATION)$(EFFECTIVE_PLATFORM_NAME)\"'");
				GCC_SYMBOLS_PRIVATE_EXTERN = NO;
				HEADER_SEARCH_PATHS = (/usr/local/include,/usr/local/opt/openssl/include);
				INSTALL_PATH = "";
				LD_RUNPATH_SEARCH_PATHS = "/usr/local/lib /usr/local/opt/openssl/lib /usr/local/Cellar/libuv/1.11.0/lib";
				LIBRARY_SEARCH_PATHS = " /usr/local/lib/$(CONFIGURATION)$(EFFECTIVE_PLATFORM_NAME) /usr/local/lib /usr/local/opt/openssl/lib/$(CONFIGURATION)$(EFFECTIVE_PLATFORM_NAME) /usr/local/opt/openssl/lib /usr/local/Cellar/libuv/1.11.0/lib/$(CONFIGURATION)$(EFFECTIVE_PLATFORM_NAME) /usr/local/Cellar/libuv/1.11.0/lib";
				OTHER_CPLUSPLUSFLAGS = "    -DNDEBUG   -std=c++11";
				OTHER_LDFLAGS = " -Wl,-search_paths_first -Wl,-headerpad_max_install_names  -lz -lssl -luv -luWS";
				OTHER_REZFLAGS = "";
				PRODUCT_NAME = ExtendedKF;
				SECTORDER_FLAGS = "";
				SYMROOT = "/Users/grantrosario/Desktop/Extended-Kalman-Filter/ide_profiles/xcode";
				USE_HEADERMAP = NO;
				WARNING_CFLAGS = ("-Wmost","-Wno-four-char-constants","-Wno-unknown-pragmas","$(inherited)");
			};
			name = Release;
		};
		875EBC66EE3A4D8E839D3029 /* Debug */ = {
			isa = XCBuildConfiguration;
			buildSettings = {
				COMBINE_HIDPI_IMAGES = YES;
				EXECUTABLE_PREFIX = "";
				EXECUTABLE_SUFFIX = "";
				GCC_GENERATE_DEBUGGING_SYMBOLS = YES;
				GCC_INLINES_ARE_PRIVATE_EXTERN = NO;
				GCC_OPTIMIZATION_LEVEL = 0;
				GCC_PREPROCESSOR_DEFINITIONS = ("'CMAKE_INTDIR=\"$(CONFIGURATION)$(EFFECTIVE_PLATFORM_NAME)\"'");
				GCC_SYMBOLS_PRIVATE_EXTERN = NO;
				HEADER_SEARCH_PATHS = (/usr/local/include,/usr/local/opt/openssl/include);
				INSTALL_PATH = "";
				LD_RUNPATH_SEARCH_PATHS = "/usr/local/lib /usr/local/opt/openssl/lib /usr/local/Cellar/libuv/1.11.0/lib";
				LIBRARY_SEARCH_PATHS = " /usr/local/lib/$(CONFIGURATION)$(EFFECTIVE_PLATFORM_NAME) /usr/local/lib /usr/local/opt/openssl/lib/$(CONFIGURATION)$(EFFECTIVE_PLATFORM_NAME) /usr/local/opt/openssl/lib /usr/local/Cellar/libuv/1.11.0/lib/$(CONFIGURATION)$(EFFECTIVE_PLATFORM_NAME) /usr/local/Cellar/libuv/1.11.0/lib";
				OTHER_CPLUSPLUSFLAGS = "     -std=c++11";
				OTHER_LDFLAGS = " -Wl,-search_paths_first -Wl,-headerpad_max_install_names  -lz -lssl -luv -luWS";
				OTHER_REZFLAGS = "";
				PRODUCT_NAME = ExtendedKF;
				SECTORDER_FLAGS = "";
				SYMROOT = "/Users/grantrosario/Desktop/Extended-Kalman-Filter/ide_profiles/xcode";
				USE_HEADERMAP = NO;
				WARNING_CFLAGS = ("-Wmost","-Wno-four-char-constants","-Wno-unknown-pragmas","$(inherited)");
			};
			name = Debug;
		};
		9AED5D8D90A34D4C93B4C16C /* RelWithDebInfo */ = {
			isa = XCBuildConfiguration;
			buildSettings = {
				ONLY_ACTIVE_ARCH = YES;
				SDKROOT = /Applications/Xcode.app/Contents/Developer/Platforms/MacOSX.platform/Developer/SDKs/MacOSX10.12.sdk;
				SYMROOT = "/Users/grantrosario/Desktop/Extended-Kalman-Filter/ide_profiles/xcode/build";
			};
			name = RelWithDebInfo;
		};
		A9F1B66386C84917A185CCAC /* RelWithDebInfo */ = {
			isa = XCBuildConfiguration;
			buildSettings = {
				COMBINE_HIDPI_IMAGES = YES;
				GCC_GENERATE_DEBUGGING_SYMBOLS = YES;
				GCC_INLINES_ARE_PRIVATE_EXTERN = NO;
				GCC_OPTIMIZATION_LEVEL = 0;
				GCC_PREPROCESSOR_DEFINITIONS = ("'CMAKE_INTDIR=\"$(CONFIGURATION)$(EFFECTIVE_PLATFORM_NAME)\"'");
				GCC_SYMBOLS_PRIVATE_EXTERN = NO;
				HEADER_SEARCH_PATHS = (/usr/local/include,/usr/local/opt/openssl/include);
				INSTALL_PATH = "";
				OTHER_LDFLAGS = " ";
				OTHER_REZFLAGS = "";
				PRODUCT_NAME = ALL_BUILD;
				SECTORDER_FLAGS = "";
				SYMROOT = "/Users/grantrosario/Desktop/Extended-Kalman-Filter/ide_profiles/xcode";
				USE_HEADERMAP = NO;
				WARNING_CFLAGS = ("-Wmost","-Wno-four-char-constants","-Wno-unknown-pragmas","$(inherited)");
			};
			name = RelWithDebInfo;
		};
		B96D1F49B99F448AAE1C08E3 /* MinSizeRel */ = {
			isa = XCBuildConfiguration;
			buildSettings = {
				ONLY_ACTIVE_ARCH = YES;
				SDKROOT = /Applications/Xcode.app/Contents/Developer/Platforms/MacOSX.platform/Developer/SDKs/MacOSX10.12.sdk;
				SYMROOT = "/Users/grantrosario/Desktop/Extended-Kalman-Filter/ide_profiles/xcode/build";
			};
			name = MinSizeRel;
		};
		C787DB4635984C0E920D5A00 /* Release */ = {
			isa = XCBuildConfiguration;
			buildSettings = {
				COMBINE_HIDPI_IMAGES = YES;
				GCC_GENERATE_DEBUGGING_SYMBOLS = YES;
				GCC_INLINES_ARE_PRIVATE_EXTERN = NO;
				GCC_OPTIMIZATION_LEVEL = 0;
				GCC_PREPROCESSOR_DEFINITIONS = ("'CMAKE_INTDIR=\"$(CONFIGURATION)$(EFFECTIVE_PLATFORM_NAME)\"'");
				GCC_SYMBOLS_PRIVATE_EXTERN = NO;
				HEADER_SEARCH_PATHS = (/usr/local/include,/usr/local/opt/openssl/include);
				INSTALL_PATH = "";
				OTHER_LDFLAGS = " ";
				OTHER_REZFLAGS = "";
				PRODUCT_NAME = ALL_BUILD;
				SECTORDER_FLAGS = "";
				SYMROOT = "/Users/grantrosario/Desktop/Extended-Kalman-Filter/ide_profiles/xcode";
				USE_HEADERMAP = NO;
				WARNING_CFLAGS = ("-Wmost","-Wno-four-char-constants","-Wno-unknown-pragmas","$(inherited)");
			};
			name = Release;
		};
		CD3ED7C77043480A99C677D3 /* MinSizeRel */ = {
			isa = XCBuildConfiguration;
			buildSettings = {
				COMBINE_HIDPI_IMAGES = YES;
				GCC_GENERATE_DEBUGGING_SYMBOLS = YES;
				GCC_INLINES_ARE_PRIVATE_EXTERN = NO;
				GCC_OPTIMIZATION_LEVEL = 0;
				GCC_PREPROCESSOR_DEFINITIONS = ("'CMAKE_INTDIR=\"$(CONFIGURATION)$(EFFECTIVE_PLATFORM_NAME)\"'");
				GCC_SYMBOLS_PRIVATE_EXTERN = NO;
				HEADER_SEARCH_PATHS = (/usr/local/include,/usr/local/opt/openssl/include);
				INSTALL_PATH = "";
				OTHER_LDFLAGS = " ";
				OTHER_REZFLAGS = "";
				PRODUCT_NAME = ZERO_CHECK;
				SECTORDER_FLAGS = "";
				SYMROOT = "/Users/grantrosario/Desktop/Extended-Kalman-Filter/ide_profiles/xcode";
				USE_HEADERMAP = NO;
				WARNING_CFLAGS = ("-Wmost","-Wno-four-char-constants","-Wno-unknown-pragmas","$(inherited)");
			};
			name = MinSizeRel;
		};
		DEE687578D344E998C1E0CE6 /* Release */ = {
			isa = XCBuildConfiguration;
			buildSettings = {
				COMBINE_HIDPI_IMAGES = YES;
				GCC_GENERATE_DEBUGGING_SYMBOLS = YES;
				GCC_INLINES_ARE_PRIVATE_EXTERN = NO;
				GCC_OPTIMIZATION_LEVEL = 0;
				GCC_PREPROCESSOR_DEFINITIONS = ("'CMAKE_INTDIR=\"$(CONFIGURATION)$(EFFECTIVE_PLATFORM_NAME)\"'");
				GCC_SYMBOLS_PRIVATE_EXTERN = NO;
				HEADER_SEARCH_PATHS = (/usr/local/include,/usr/local/opt/openssl/include);
				INSTALL_PATH = "";
				OTHER_LDFLAGS = " ";
				OTHER_REZFLAGS = "";
				PRODUCT_NAME = ZERO_CHECK;
				SECTORDER_FLAGS = "";
				SYMROOT = "/Users/grantrosario/Desktop/Extended-Kalman-Filter/ide_profiles/xcode";
				USE_HEADERMAP = NO;
				WARNING_CFLAGS = ("-Wmost","-Wno-four-char-constants","-Wno-unknown-pragmas","$(inherited)");
			};
			name = Release;
		};
		EE43F56750834FA1BAC2495F /* Debug */ = {
			isa = XCBuildConfiguration;
			buildSettings = {
				COMBINE_HIDPI_IMAGES = YES;
				GCC_GENERATE_DEBUGGING_SYMBOLS = YES;
				GCC_INLINES_ARE_PRIVATE_EXTERN = NO;
				GCC_OPTIMIZATION_LEVEL = 0;
				GCC_PREPROCESSOR_DEFINITIONS = ("'CMAKE_INTDIR=\"$(CONFIGURATION)$(EFFECTIVE_PLATFORM_NAME)\"'");
				GCC_SYMBOLS_PRIVATE_EXTERN = NO;
				HEADER_SEARCH_PATHS = (/usr/local/include,/usr/local/opt/openssl/include);
				INSTALL_PATH = "";
				OTHER_LDFLAGS = " ";
				OTHER_REZFLAGS = "";
				PRODUCT_NAME = ALL_BUILD;
				SECTORDER_FLAGS = "";
				SYMROOT = "/Users/grantrosario/Desktop/Extended-Kalman-Filter/ide_profiles/xcode";
				USE_HEADERMAP = NO;
				WARNING_CFLAGS = ("-Wmost","-Wno-four-char-constants","-Wno-unknown-pragmas","$(inherited)");
			};
			name = Debug;
		};
		EF457FE746A4456DA8D83770 /* MinSizeRel */ = {
			isa = XCBuildConfiguration;
			buildSettings = {
				COMBINE_HIDPI_IMAGES = YES;
				EXECUTABLE_PREFIX = "";
				EXECUTABLE_SUFFIX = "";
				GCC_GENERATE_DEBUGGING_SYMBOLS = NO;
				GCC_INLINES_ARE_PRIVATE_EXTERN = NO;
				GCC_OPTIMIZATION_LEVEL = s;
				GCC_PREPROCESSOR_DEFINITIONS = ("'CMAKE_INTDIR=\"$(CONFIGURATION)$(EFFECTIVE_PLATFORM_NAME)\"'");
				GCC_SYMBOLS_PRIVATE_EXTERN = NO;
				HEADER_SEARCH_PATHS = (/usr/local/include,/usr/local/opt/openssl/include);
				INSTALL_PATH = "";
				LD_RUNPATH_SEARCH_PATHS = "/usr/local/lib /usr/local/opt/openssl/lib /usr/local/Cellar/libuv/1.11.0/lib";
				LIBRARY_SEARCH_PATHS = " /usr/local/lib/$(CONFIGURATION)$(EFFECTIVE_PLATFORM_NAME) /usr/local/lib /usr/local/opt/openssl/lib/$(CONFIGURATION)$(EFFECTIVE_PLATFORM_NAME) /usr/local/opt/openssl/lib /usr/local/Cellar/libuv/1.11.0/lib/$(CONFIGURATION)$(EFFECTIVE_PLATFORM_NAME) /usr/local/Cellar/libuv/1.11.0/lib";
				OTHER_CPLUSPLUSFLAGS = "    -DNDEBUG   -std=c++11";
				OTHER_LDFLAGS = " -Wl,-search_paths_first -Wl,-headerpad_max_install_names  -lz -lssl -luv -luWS";
				OTHER_REZFLAGS = "";
				PRODUCT_NAME = ExtendedKF;
				SECTORDER_FLAGS = "";
				SYMROOT = "/Users/grantrosario/Desktop/Extended-Kalman-Filter/ide_profiles/xcode";
				USE_HEADERMAP = NO;
				WARNING_CFLAGS = ("-Wmost","-Wno-four-char-constants","-Wno-unknown-pragmas","$(inherited)");
			};
			name = MinSizeRel;
		};
		F37F0E151C3349829E43278C /* Release */ = {
			isa = XCBuildConfiguration;
			buildSettings = {
				ONLY_ACTIVE_ARCH = YES;
				SDKROOT = /Applications/Xcode.app/Contents/Developer/Platforms/MacOSX.platform/Developer/SDKs/MacOSX10.12.sdk;
				SYMROOT = "/Users/grantrosario/Desktop/Extended-Kalman-Filter/ide_profiles/xcode/build";
			};
			name = Release;
		};
		FB218F950ACF48BD98E04FB0 /* Debug */ = {
			isa = XCBuildConfiguration;
			buildSettings = {
				COMBINE_HIDPI_IMAGES = YES;
				GCC_GENERATE_DEBUGGING_SYMBOLS = YES;
				GCC_INLINES_ARE_PRIVATE_EXTERN = NO;
				GCC_OPTIMIZATION_LEVEL = 0;
				GCC_PREPROCESSOR_DEFINITIONS = ("'CMAKE_INTDIR=\"$(CONFIGURATION)$(EFFECTIVE_PLATFORM_NAME)\"'");
				GCC_SYMBOLS_PRIVATE_EXTERN = NO;
				HEADER_SEARCH_PATHS = (/usr/local/include,/usr/local/opt/openssl/include);
				INSTALL_PATH = "";
				OTHER_LDFLAGS = " ";
				OTHER_REZFLAGS = "";
				PRODUCT_NAME = ZERO_CHECK;
				SECTORDER_FLAGS = "";
				SYMROOT = "/Users/grantrosario/Desktop/Extended-Kalman-Filter/ide_profiles/xcode";
				USE_HEADERMAP = NO;
				WARNING_CFLAGS = ("-Wmost","-Wno-four-char-constants","-Wno-unknown-pragmas","$(inherited)");
			};
			name = Debug;
		};
		FD8857CECFED44828742B0DF /* RelWithDebInfo */ = {
			isa = XCBuildConfiguration;
			buildSettings = {
				COMBINE_HIDPI_IMAGES = YES;
				EXECUTABLE_PREFIX = "";
				EXECUTABLE_SUFFIX = "";
				GCC_GENERATE_DEBUGGING_SYMBOLS = YES;
				GCC_INLINES_ARE_PRIVATE_EXTERN = NO;
				GCC_OPTIMIZATION_LEVEL = 2;
				GCC_PREPROCESSOR_DEFINITIONS = ("'CMAKE_INTDIR=\"$(CONFIGURATION)$(EFFECTIVE_PLATFORM_NAME)\"'");
				GCC_SYMBOLS_PRIVATE_EXTERN = NO;
				HEADER_SEARCH_PATHS = (/usr/local/include,/usr/local/opt/openssl/include);
				INSTALL_PATH = "";
				LD_RUNPATH_SEARCH_PATHS = "/usr/local/lib /usr/local/opt/openssl/lib /usr/local/Cellar/libuv/1.11.0/lib";
				LIBRARY_SEARCH_PATHS = " /usr/local/lib/$(CONFIGURATION)$(EFFECTIVE_PLATFORM_NAME) /usr/local/lib /usr/local/opt/openssl/lib/$(CONFIGURATION)$(EFFECTIVE_PLATFORM_NAME) /usr/local/opt/openssl/lib /usr/local/Cellar/libuv/1.11.0/lib/$(CONFIGURATION)$(EFFECTIVE_PLATFORM_NAME) /usr/local/Cellar/libuv/1.11.0/lib";
				OTHER_CPLUSPLUSFLAGS = "       -DNDEBUG   -std=c++11";
				OTHER_LDFLAGS = " -Wl,-search_paths_first -Wl,-headerpad_max_install_names  -lz -lssl -luv -luWS";
				OTHER_REZFLAGS = "";
				PRODUCT_NAME = ExtendedKF;
				SECTORDER_FLAGS = "";
				SYMROOT = "/Users/grantrosario/Desktop/Extended-Kalman-Filter/ide_profiles/xcode";
				USE_HEADERMAP = NO;
				WARNING_CFLAGS = ("-Wmost","-Wno-four-char-constants","-Wno-unknown-pragmas","$(inherited)");
			};
			name = RelWithDebInfo;
		};
/* End XCBuildConfiguration section */

/* Begin XCConfigurationList section */
		423BD19F52124BAA9A1C478F /* Build configuration list for PBXProject "ExtendedKF" */ = {
			isa = XCConfigurationList;
			buildConfigurations = (
				34E105D05BC54324855B09E0 /* Debug */,
				F37F0E151C3349829E43278C /* Release */,
				B96D1F49B99F448AAE1C08E3 /* MinSizeRel */,
				9AED5D8D90A34D4C93B4C16C /* RelWithDebInfo */,
			);
			defaultConfigurationIsVisible = 0;
			defaultConfigurationName = Debug;
		};
		54FF7C404A13479FA5B735FB /* Build configuration list for PBXAggregateTarget "ZERO_CHECK" */ = {
			isa = XCConfigurationList;
			buildConfigurations = (
				FB218F950ACF48BD98E04FB0 /* Debug */,
				DEE687578D344E998C1E0CE6 /* Release */,
				CD3ED7C77043480A99C677D3 /* MinSizeRel */,
				4143A67C46774325AB6EEFF6 /* RelWithDebInfo */,
			);
			defaultConfigurationIsVisible = 0;
			defaultConfigurationName = Debug;
		};
		9079FF3AF67B44E99DEB346D /* Build configuration list for PBXAggregateTarget "ALL_BUILD" */ = {
			isa = XCConfigurationList;
			buildConfigurations = (
				EE43F56750834FA1BAC2495F /* Debug */,
				C787DB4635984C0E920D5A00 /* Release */,
				3561E932714840498A93A0B5 /* MinSizeRel */,
				A9F1B66386C84917A185CCAC /* RelWithDebInfo */,
			);
			defaultConfigurationIsVisible = 0;
			defaultConfigurationName = Debug;
		};
		9856EBE5C09F4FB390ADD380 /* Build configuration list for PBXNativeTarget "ExtendedKF" */ = {
			isa = XCConfigurationList;
			buildConfigurations = (
				875EBC66EE3A4D8E839D3029 /* Debug */,
				7820370C2E554CA1B74F9A79 /* Release */,
				EF457FE746A4456DA8D83770 /* MinSizeRel */,
				FD8857CECFED44828742B0DF /* RelWithDebInfo */,
			);
			defaultConfigurationIsVisible = 0;
			defaultConfigurationName = Debug;
		};
/* End XCConfigurationList section */
	};
	rootObject = EECC6A12BB39450BBEA3DAD4 /* Project object */;
}
